// !$*UTF8*$!
{
	archiveVersion = 1;
	classes = {
	};
	objectVersion = 46;
	objects = {

/* Begin PBXBuildFile section */
		B05C9B041C683B75006A4258 /* main.m in Sources */ = {isa = PBXBuildFile; fileRef = B05C9B031C683B75006A4258 /* main.m */; };
		B05C9B071C683B75006A4258 /* AppDelegate.m in Sources */ = {isa = PBXBuildFile; fileRef = B05C9B061C683B75006A4258 /* AppDelegate.m */; };
		B05C9B0A1C683B75006A4258 /* FirstViewController.m in Sources */ = {isa = PBXBuildFile; fileRef = B05C9B091C683B75006A4258 /* FirstViewController.m */; };
		B05C9B0D1C683B75006A4258 /* SecondViewController.m in Sources */ = {isa = PBXBuildFile; fileRef = B05C9B0C1C683B75006A4258 /* SecondViewController.m */; };
		B05C9B101C683B75006A4258 /* Main.storyboard in Resources */ = {isa = PBXBuildFile; fileRef = B05C9B0E1C683B75006A4258 /* Main.storyboard */; };
		B05C9B121C683B75006A4258 /* Assets.xcassets in Resources */ = {isa = PBXBuildFile; fileRef = B05C9B111C683B75006A4258 /* Assets.xcassets */; };
		B05C9B151C683B75006A4258 /* LaunchScreen.storyboard in Resources */ = {isa = PBXBuildFile; fileRef = B05C9B131C683B75006A4258 /* LaunchScreen.storyboard */; };
		B05C9B201C683B76006A4258 /* cooktimerTests.m in Sources */ = {isa = PBXBuildFile; fileRef = B05C9B1F1C683B76006A4258 /* cooktimerTests.m */; };
		B05C9B2B1C683B76006A4258 /* cooktimerUITests.m in Sources */ = {isa = PBXBuildFile; fileRef = B05C9B2A1C683B76006A4258 /* cooktimerUITests.m */; };
/* End PBXBuildFile section */

/* Begin PBXContainerItemProxy section */
		B05C9B1C1C683B76006A4258 /* PBXContainerItemProxy */ = {
			isa = PBXContainerItemProxy;
			containerPortal = B05C9AF71C683B75006A4258 /* Project object */;
			proxyType = 1;
			remoteGlobalIDString = B05C9AFE1C683B75006A4258;
			remoteInfo = cooktimer;
		};
		B05C9B271C683B76006A4258 /* PBXContainerItemProxy */ = {
			isa = PBXContainerItemProxy;
			containerPortal = B05C9AF71C683B75006A4258 /* Project object */;
			proxyType = 1;
			remoteGlobalIDString = B05C9AFE1C683B75006A4258;
			remoteInfo = cooktimer;
		};
/* End PBXContainerItemProxy section */

/* Begin PBXFileReference section */
		B05C9AFF1C683B75006A4258 /* cooktimer.app */ = {isa = PBXFileReference; explicitFileType = wrapper.application; includeInIndex = 0; path = cooktimer.app; sourceTree = BUILT_PRODUCTS_DIR; };
		B05C9B031C683B75006A4258 /* main.m */ = {isa = PBXFileReference; lastKnownFileType = sourcecode.c.objc; path = main.m; sourceTree = "<group>"; };
		B05C9B051C683B75006A4258 /* AppDelegate.h */ = {isa = PBXFileReference; lastKnownFileType = sourcecode.c.h; path = AppDelegate.h; sourceTree = "<group>"; };
		B05C9B061C683B75006A4258 /* AppDelegate.m */ = {isa = PBXFileReference; lastKnownFileType = sourcecode.c.objc; path = AppDelegate.m; sourceTree = "<group>"; };
		B05C9B081C683B75006A4258 /* FirstViewController.h */ = {isa = PBXFileReference; lastKnownFileType = sourcecode.c.h; path = FirstViewController.h; sourceTree = "<group>"; };
		B05C9B091C683B75006A4258 /* FirstViewController.m */ = {isa = PBXFileReference; lastKnownFileType = sourcecode.c.objc; path = FirstViewController.m; sourceTree = "<group>"; };
		B05C9B0B1C683B75006A4258 /* SecondViewController.h */ = {isa = PBXFileReference; lastKnownFileType = sourcecode.c.h; path = SecondViewController.h; sourceTree = "<group>"; };
		B05C9B0C1C683B75006A4258 /* SecondViewController.m */ = {isa = PBXFileReference; lastKnownFileType = sourcecode.c.objc; path = SecondViewController.m; sourceTree = "<group>"; };
		B05C9B0F1C683B75006A4258 /* Base */ = {isa = PBXFileReference; lastKnownFileType = file.storyboard; name = Base; path = Base.lproj/Main.storyboard; sourceTree = "<group>"; };
		B05C9B111C683B75006A4258 /* Assets.xcassets */ = {isa = PBXFileReference; lastKnownFileType = folder.assetcatalog; path = Assets.xcassets; sourceTree = "<group>"; };
		B05C9B141C683B75006A4258 /* Base */ = {isa = PBXFileReference; lastKnownFileType = file.storyboard; name = Base; path = Base.lproj/LaunchScreen.storyboard; sourceTree = "<group>"; };
		B05C9B161C683B75006A4258 /* Info.plist */ = {isa = PBXFileReference; lastKnownFileType = text.plist.xml; path = Info.plist; sourceTree = "<group>"; };
		B05C9B1B1C683B76006A4258 /* cooktimerTests.xctest */ = {isa = PBXFileReference; explicitFileType = wrapper.cfbundle; includeInIndex = 0; path = cooktimerTests.xctest; sourceTree = BUILT_PRODUCTS_DIR; };
		B05C9B1F1C683B76006A4258 /* cooktimerTests.m */ = {isa = PBXFileReference; lastKnownFileType = sourcecode.c.objc; path = cooktimerTests.m; sourceTree = "<group>"; };
		B05C9B211C683B76006A4258 /* Info.plist */ = {isa = PBXFileReference; lastKnownFileType = text.plist.xml; path = Info.plist; sourceTree = "<group>"; };
		B05C9B261C683B76006A4258 /* cooktimerUITests.xctest */ = {isa = PBXFileReference; explicitFileType = wrapper.cfbundle; includeInIndex = 0; path = cooktimerUITests.xctest; sourceTree = BUILT_PRODUCTS_DIR; };
		B05C9B2A1C683B76006A4258 /* cooktimerUITests.m */ = {isa = PBXFileReference; lastKnownFileType = sourcecode.c.objc; path = cooktimerUITests.m; sourceTree = "<group>"; };
		B05C9B2C1C683B76006A4258 /* Info.plist */ = {isa = PBXFileReference; lastKnownFileType = text.plist.xml; path = Info.plist; sourceTree = "<group>"; };
/* End PBXFileReference section */

/* Begin PBXFrameworksBuildPhase section */
		B05C9AFC1C683B75006A4258 /* Frameworks */ = {
			isa = PBXFrameworksBuildPhase;
			buildActionMask = 2147483647;
			files = (
			);
			runOnlyForDeploymentPostprocessing = 0;
		};
		B05C9B181C683B76006A4258 /* Frameworks */ = {
			isa = PBXFrameworksBuildPhase;
			buildActionMask = 2147483647;
			files = (
			);
			runOnlyForDeploymentPostprocessing = 0;
		};
		B05C9B231C683B76006A4258 /* Frameworks */ = {
			isa = PBXFrameworksBuildPhase;
			buildActionMask = 2147483647;
			files = (
			);
			runOnlyForDeploymentPostprocessing = 0;
		};
/* End PBXFrameworksBuildPhase section */

/* Begin PBXGroup section */
		B05C9AF61C683B75006A4258 = {
			isa = PBXGroup;
			children = (
				B05C9B011C683B75006A4258 /* cooktimer */,
				B05C9B1E1C683B76006A4258 /* cooktimerTests */,
				B05C9B291C683B76006A4258 /* cooktimerUITests */,
				B05C9B001C683B75006A4258 /* Products */,
			);
			sourceTree = "<group>";
		};
		B05C9B001C683B75006A4258 /* Products */ = {
			isa = PBXGroup;
			children = (
				B05C9AFF1C683B75006A4258 /* cooktimer.app */,
				B05C9B1B1C683B76006A4258 /* cooktimerTests.xctest */,
				B05C9B261C683B76006A4258 /* cooktimerUITests.xctest */,
			);
			name = Products;
			sourceTree = "<group>";
		};
		B05C9B011C683B75006A4258 /* cooktimer */ = {
			isa = PBXGroup;
			children = (
				B05C9B051C683B75006A4258 /* AppDelegate.h */,
				B05C9B061C683B75006A4258 /* AppDelegate.m */,
				B05C9B081C683B75006A4258 /* FirstViewController.h */,
				B05C9B091C683B75006A4258 /* FirstViewController.m */,
				B05C9B0B1C683B75006A4258 /* SecondViewController.h */,
				B05C9B0C1C683B75006A4258 /* SecondViewController.m */,
				B05C9B0E1C683B75006A4258 /* Main.storyboard */,
				B05C9B111C683B75006A4258 /* Assets.xcassets */,
				B05C9B131C683B75006A4258 /* LaunchScreen.storyboard */,
				B05C9B161C683B75006A4258 /* Info.plist */,
				B05C9B021C683B75006A4258 /* Supporting Files */,
			);
			path = cooktimer;
			sourceTree = "<group>";
		};
		B05C9B021C683B75006A4258 /* Supporting Files */ = {
			isa = PBXGroup;
			children = (
				B05C9B031C683B75006A4258 /* main.m */,
			);
			name = "Supporting Files";
			sourceTree = "<group>";
		};
		B05C9B1E1C683B76006A4258 /* cooktimerTests */ = {
			isa = PBXGroup;
			children = (
				B05C9B1F1C683B76006A4258 /* cooktimerTests.m */,
				B05C9B211C683B76006A4258 /* Info.plist */,
			);
			path = cooktimerTests;
			sourceTree = "<group>";
		};
		B05C9B291C683B76006A4258 /* cooktimerUITests */ = {
			isa = PBXGroup;
			children = (
				B05C9B2A1C683B76006A4258 /* cooktimerUITests.m */,
				B05C9B2C1C683B76006A4258 /* Info.plist */,
			);
			path = cooktimerUITests;
			sourceTree = "<group>";
		};
/* End PBXGroup section */

/* Begin PBXNativeTarget section */
		B05C9AFE1C683B75006A4258 /* cooktimer */ = {
			isa = PBXNativeTarget;
			buildConfigurationList = B05C9B2F1C683B76006A4258 /* Build configuration list for PBXNativeTarget "cooktimer" */;
			buildPhases = (
				B05C9AFB1C683B75006A4258 /* Sources */,
				B05C9AFC1C683B75006A4258 /* Frameworks */,
				B05C9AFD1C683B75006A4258 /* Resources */,
			);
			buildRules = (
			);
			dependencies = (
			);
			name = cooktimer;
			productName = cooktimer;
			productReference = B05C9AFF1C683B75006A4258 /* cooktimer.app */;
			productType = "com.apple.product-type.application";
		};
		B05C9B1A1C683B76006A4258 /* cooktimerTests */ = {
			isa = PBXNativeTarget;
			buildConfigurationList = B05C9B321C683B76006A4258 /* Build configuration list for PBXNativeTarget "cooktimerTests" */;
			buildPhases = (
				B05C9B171C683B76006A4258 /* Sources */,
				B05C9B181C683B76006A4258 /* Frameworks */,
				B05C9B191C683B76006A4258 /* Resources */,
			);
			buildRules = (
			);
			dependencies = (
				B05C9B1D1C683B76006A4258 /* PBXTargetDependency */,
			);
			name = cooktimerTests;
			productName = cooktimerTests;
			productReference = B05C9B1B1C683B76006A4258 /* cooktimerTests.xctest */;
			productType = "com.apple.product-type.bundle.unit-test";
		};
		B05C9B251C683B76006A4258 /* cooktimerUITests */ = {
			isa = PBXNativeTarget;
			buildConfigurationList = B05C9B351C683B76006A4258 /* Build configuration list for PBXNativeTarget "cooktimerUITests" */;
			buildPhases = (
				B05C9B221C683B76006A4258 /* Sources */,
				B05C9B231C683B76006A4258 /* Frameworks */,
				B05C9B241C683B76006A4258 /* Resources */,
			);
			buildRules = (
			);
			dependencies = (
				B05C9B281C683B76006A4258 /* PBXTargetDependency */,
			);
			name = cooktimerUITests;
			productName = cooktimerUITests;
			productReference = B05C9B261C683B76006A4258 /* cooktimerUITests.xctest */;
			productType = "com.apple.product-type.bundle.ui-testing";
		};
/* End PBXNativeTarget section */

/* Begin PBXProject section */
		B05C9AF71C683B75006A4258 /* Project object */ = {
			isa = PBXProject;
			attributes = {
				LastUpgradeCheck = 0720;
				ORGANIZATIONNAME = "Juneja, Vanuj";
				TargetAttributes = {
					B05C9AFE1C683B75006A4258 = {
						CreatedOnToolsVersion = 7.2;
					};
					B05C9B1A1C683B76006A4258 = {
						CreatedOnToolsVersion = 7.2;
						TestTargetID = B05C9AFE1C683B75006A4258;
					};
					B05C9B251C683B76006A4258 = {
						CreatedOnToolsVersion = 7.2;
						TestTargetID = B05C9AFE1C683B75006A4258;
					};
				};
			};
			buildConfigurationList = B05C9AFA1C683B75006A4258 /* Build configuration list for PBXProject "cooktimer" */;
			compatibilityVersion = "Xcode 3.2";
			developmentRegion = English;
			hasScannedForEncodings = 0;
			knownRegions = (
				en,
				Base,
			);
			mainGroup = B05C9AF61C683B75006A4258;
			productRefGroup = B05C9B001C683B75006A4258 /* Products */;
			projectDirPath = "";
			projectRoot = "";
			targets = (
				B05C9AFE1C683B75006A4258 /* cooktimer */,
				B05C9B1A1C683B76006A4258 /* cooktimerTests */,
				B05C9B251C683B76006A4258 /* cooktimerUITests */,
			);
		};
/* End PBXProject section */

/* Begin PBXResourcesBuildPhase section */
		B05C9AFD1C683B75006A4258 /* Resources */ = {
			isa = PBXResourcesBuildPhase;
			buildActionMask = 2147483647;
			files = (
				B05C9B151C683B75006A4258 /* LaunchScreen.storyboard in Resources */,
				B05C9B121C683B75006A4258 /* Assets.xcassets in Resources */,
				B05C9B101C683B75006A4258 /* Main.storyboard in Resources */,
			);
			runOnlyForDeploymentPostprocessing = 0;
		};
		B05C9B191C683B76006A4258 /* Resources */ = {
			isa = PBXResourcesBuildPhase;
			buildActionMask = 2147483647;
			files = (
			);
			runOnlyForDeploymentPostprocessing = 0;
		};
		B05C9B241C683B76006A4258 /* Resources */ = {
			isa = PBXResourcesBuildPhase;
			buildActionMask = 2147483647;
			files = (
			);
			runOnlyForDeploymentPostprocessing = 0;
		};
/* End PBXResourcesBuildPhase section */

/* Begin PBXSourcesBuildPhase section */
		B05C9AFB1C683B75006A4258 /* Sources */ = {
			isa = PBXSourcesBuildPhase;
			buildActionMask = 2147483647;
			files = (
				B05C9B0D1C683B75006A4258 /* SecondViewController.m in Sources */,
				B05C9B071C683B75006A4258 /* AppDelegate.m in Sources */,
				B05C9B0A1C683B75006A4258 /* FirstViewController.m in Sources */,
				B05C9B041C683B75006A4258 /* main.m in Sources */,
			);
			runOnlyForDeploymentPostprocessing = 0;
		};
		B05C9B171C683B76006A4258 /* Sources */ = {
			isa = PBXSourcesBuildPhase;
			buildActionMask = 2147483647;
			files = (
				B05C9B201C683B76006A4258 /* cooktimerTests.m in Sources */,
			);
			runOnlyForDeploymentPostprocessing = 0;
		};
		B05C9B221C683B76006A4258 /* Sources */ = {
			isa = PBXSourcesBuildPhase;
			buildActionMask = 2147483647;
			files = (
				B05C9B2B1C683B76006A4258 /* cooktimerUITests.m in Sources */,
			);
			runOnlyForDeploymentPostprocessing = 0;
		};
/* End PBXSourcesBuildPhase section */

/* Begin PBXTargetDependency section */
		B05C9B1D1C683B76006A4258 /* PBXTargetDependency */ = {
			isa = PBXTargetDependency;
			target = B05C9AFE1C683B75006A4258 /* cooktimer */;
			targetProxy = B05C9B1C1C683B76006A4258 /* PBXContainerItemProxy */;
		};
		B05C9B281C683B76006A4258 /* PBXTargetDependency */ = {
			isa = PBXTargetDependency;
			target = B05C9AFE1C683B75006A4258 /* cooktimer */;
			targetProxy = B05C9B271C683B76006A4258 /* PBXContainerItemProxy */;
		};
/* End PBXTargetDependency section */

/* Begin PBXVariantGroup section */
		B05C9B0E1C683B75006A4258 /* Main.storyboard */ = {
			isa = PBXVariantGroup;
			children = (
				B05C9B0F1C683B75006A4258 /* Base */,
			);
			name = Main.storyboard;
			sourceTree = "<group>";
		};
		B05C9B131C683B75006A4258 /* LaunchScreen.storyboard */ = {
			isa = PBXVariantGroup;
			children = (
				B05C9B141C683B75006A4258 /* Base */,
			);
			name = LaunchScreen.storyboard;
			sourceTree = "<group>";
		};
/* End PBXVariantGroup section */

/* Begin XCBuildConfiguration section */
		B05C9B2D1C683B76006A4258 /* Debug */ = {
			isa = XCBuildConfiguration;
			buildSettings = {
				ALWAYS_SEARCH_USER_PATHS = NO;
				CLANG_CXX_LANGUAGE_STANDARD = "gnu++0x";
				CLANG_CXX_LIBRARY = "libc++";
				CLANG_ENABLE_MODULES = YES;
				CLANG_ENABLE_OBJC_ARC = YES;
				CLANG_WARN_BOOL_CONVERSION = YES;
				CLANG_WARN_CONSTANT_CONVERSION = YES;
				CLANG_WARN_DIRECT_OBJC_ISA_USAGE = YES_ERROR;
				CLANG_WARN_EMPTY_BODY = YES;
				CLANG_WARN_ENUM_CONVERSION = YES;
				CLANG_WARN_INT_CONVERSION = YES;
				CLANG_WARN_OBJC_ROOT_CLASS = YES_ERROR;
				CLANG_WARN_UNREACHABLE_CODE = YES;
				CLANG_WARN__DUPLICATE_METHOD_MATCH = YES;
				"CODE_SIGN_IDENTITY[sdk=iphoneos*]" = "iPhone Developer";
				COPY_PHASE_STRIP = NO;
				DEBUG_INFORMATION_FORMAT = dwarf;
				ENABLE_STRICT_OBJC_MSGSEND = YES;
				ENABLE_TESTABILITY = YES;
				GCC_C_LANGUAGE_STANDARD = gnu99;
				GCC_DYNAMIC_NO_PIC = NO;
				GCC_NO_COMMON_BLOCKS = YES;
				GCC_OPTIMIZATION_LEVEL = 0;
				GCC_PREPROCESSOR_DEFINITIONS = (
					"DEBUG=1",
					"$(inherited)",
				);
				GCC_WARN_64_TO_32_BIT_CONVERSION = YES;
				GCC_WARN_ABOUT_RETURN_TYPE = YES_ERROR;
				GCC_WARN_UNDECLARED_SELECTOR = YES;
				GCC_WARN_UNINITIALIZED_AUTOS = YES_AGGRESSIVE;
				GCC_WARN_UNUSED_FUNCTION = YES;
				GCC_WARN_UNUSED_VARIABLE = YES;
				IPHONEOS_DEPLOYMENT_TARGET = 9.2;
				MTL_ENABLE_DEBUG_INFO = YES;
				ONLY_ACTIVE_ARCH = YES;
				SDKROOT = iphoneos;
				TARGETED_DEVICE_FAMILY = "1,2";
			};
			name = Debug;
		};
		B05C9B2E1C683B76006A4258 /* Release */ = {
			isa = XCBuildConfiguration;
			buildSettings = {
				ALWAYS_SEARCH_USER_PATHS = NO;
				CLANG_CXX_LANGUAGE_STANDARD = "gnu++0x";
				CLANG_CXX_LIBRARY = "libc++";
				CLANG_ENABLE_MODULES = YES;
				CLANG_ENABLE_OBJC_ARC = YES;
				CLANG_WARN_BOOL_CONVERSION = YES;
				CLANG_WARN_CONSTANT_CONVERSION = YES;
				CLANG_WARN_DIRECT_OBJC_ISA_USAGE = YES_ERROR;
				CLANG_WARN_EMPTY_BODY = YES;
				CLANG_WARN_ENUM_CONVERSION = YES;
				CLANG_WARN_INT_CONVERSION = YES;
				CLANG_WARN_OBJC_ROOT_CLASS = YES_ERROR;
				CLANG_WARN_UNREACHABLE_CODE = YES;
				CLANG_WARN__DUPLICATE_METHOD_MATCH = YES;
				"CODE_SIGN_IDENTITY[sdk=iphoneos*]" = "iPhone Developer";
				COPY_PHASE_STRIP = NO;
				DEBUG_INFORMATION_FORMAT = "dwarf-with-dsym";
				ENABLE_NS_ASSERTIONS = NO;
				ENABLE_STRICT_OBJC_MSGSEND = YES;
				GCC_C_LANGUAGE_STANDARD = gnu99;
				GCC_NO_COMMON_BLOCKS = YES;
				GCC_WARN_64_TO_32_BIT_CONVERSION = YES;
				GCC_WARN_ABOUT_RETURN_TYPE = YES_ERROR;
				GCC_WARN_UNDECLARED_SELECTOR = YES;
				GCC_WARN_UNINITIALIZED_AUTOS = YES_AGGRESSIVE;
				GCC_WARN_UNUSED_FUNCTION = YES;
				GCC_WARN_UNUSED_VARIABLE = YES;
				IPHONEOS_DEPLOYMENT_TARGET = 9.2;
				MTL_ENABLE_DEBUG_INFO = NO;
				SDKROOT = iphoneos;
				TARGETED_DEVICE_FAMILY = "1,2";
				VALIDATE_PRODUCT = YES;
			};
			name = Release;
		};
		B05C9B301C683B76006A4258 /* Debug */ = {
			isa = XCBuildConfiguration;
			buildSettings = {
				ASSETCATALOG_COMPILER_APPICON_NAME = AppIcon;
				INFOPLIST_FILE = cooktimer/Info.plist;
				LD_RUNPATH_SEARCH_PATHS = "$(inherited) @executable_path/Frameworks";
				PRODUCT_BUNDLE_IDENTIFIER = vannooz.cooktimer;
				PRODUCT_NAME = "$(TARGET_NAME)";
			};
			name = Debug;
		};
		B05C9B311C683B76006A4258 /* Release */ = {
			isa = XCBuildConfiguration;
			buildSettings = {
				ASSETCATALOG_COMPILER_APPICON_NAME = AppIcon;
				INFOPLIST_FILE = cooktimer/Info.plist;
				LD_RUNPATH_SEARCH_PATHS = "$(inherited) @executable_path/Frameworks";
				PRODUCT_BUNDLE_IDENTIFIER = vannooz.cooktimer;
				PRODUCT_NAME = "$(TARGET_NAME)";
			};
			name = Release;
		};
		B05C9B331C683B76006A4258 /* Debug */ = {
			isa = XCBuildConfiguration;
			buildSettings = {
				BUNDLE_LOADER = "$(TEST_HOST)";
				INFOPLIST_FILE = cooktimerTests/Info.plist;
				LD_RUNPATH_SEARCH_PATHS = "$(inherited) @executable_path/Frameworks @loader_path/Frameworks";
				PRODUCT_BUNDLE_IDENTIFIER = vannooz.cooktimerTests;
				PRODUCT_NAME = "$(TARGET_NAME)";
				TEST_HOST = "$(BUILT_PRODUCTS_DIR)/cooktimer.app/cooktimer";
			};
			name = Debug;
		};
		B05C9B341C683B76006A4258 /* Release */ = {
			isa = XCBuildConfiguration;
			buildSettings = {
				BUNDLE_LOADER = "$(TEST_HOST)";
				INFOPLIST_FILE = cooktimerTests/Info.plist;
				LD_RUNPATH_SEARCH_PATHS = "$(inherited) @executable_path/Frameworks @loader_path/Frameworks";
				PRODUCT_BUNDLE_IDENTIFIER = vannooz.cooktimerTests;
				PRODUCT_NAME = "$(TARGET_NAME)";
				TEST_HOST = "$(BUILT_PRODUCTS_DIR)/cooktimer.app/cooktimer";
			};
			name = Release;
		};
		B05C9B361C683B76006A4258 /* Debug */ = {
			isa = XCBuildConfiguration;
			buildSettings = {
				INFOPLIST_FILE = cooktimerUITests/Info.plist;
				LD_RUNPATH_SEARCH_PATHS = "$(inherited) @executable_path/Frameworks @loader_path/Frameworks";
				PRODUCT_BUNDLE_IDENTIFIER = vannooz.cooktimerUITests;
				PRODUCT_NAME = "$(TARGET_NAME)";
				TEST_TARGET_NAME = cooktimer;
				USES_XCTRUNNER = YES;
			};
			name = Debug;
		};
		B05C9B371C683B76006A4258 /* Release */ = {
			isa = XCBuildConfiguration;
			buildSettings = {
				INFOPLIST_FILE = cooktimerUITests/Info.plist;
				LD_RUNPATH_SEARCH_PATHS = "$(inherited) @executable_path/Frameworks @loader_path/Frameworks";
				PRODUCT_BUNDLE_IDENTIFIER = vannooz.cooktimerUITests;
				PRODUCT_NAME = "$(TARGET_NAME)";
				TEST_TARGET_NAME = cooktimer;
				USES_XCTRUNNER = YES;
			};
			name = Release;
		};
/* End XCBuildConfiguration section */

/* Begin XCConfigurationList section */
		B05C9AFA1C683B75006A4258 /* Build configuration list for PBXProject "cooktimer" */ = {
			isa = XCConfigurationList;
			buildConfigurations = (
				B05C9B2D1C683B76006A4258 /* Debug */,
				B05C9B2E1C683B76006A4258 /* Release */,
			);
			defaultConfigurationIsVisible = 0;
			defaultConfigurationName = Release;
		};
		B05C9B2F1C683B76006A4258 /* Build configuration list for PBXNativeTarget "cooktimer" */ = {
			isa = XCConfigurationList;
			buildConfigurations = (
				B05C9B301C683B76006A4258 /* Debug */,
				B05C9B311C683B76006A4258 /* Release */,
			);
			defaultConfigurationIsVisible = 0;
		};
		B05C9B321C683B76006A4258 /* Build configuration list for PBXNativeTarget "cooktimerTests" */ = {
			isa = XCConfigurationList;
			buildConfigurations = (
				B05C9B331C683B76006A4258 /* Debug */,
				B05C9B341C683B76006A4258 /* Release */,
			);
			defaultConfigurationIsVisible = 0;
		};
		B05C9B351C683B76006A4258 /* Build configuration list for PBXNativeTarget "cooktimerUITests" */ = {
			isa = XCConfigurationList;
			buildConfigurations = (
				B05C9B361C683B76006A4258 /* Debug */,
				B05C9B371C683B76006A4258 /* Release */,
			);
			defaultConfigurationIsVisible = 0;
		};
/* End XCConfigurationList section */
	};
	rootObject = B05C9AF71C683B75006A4258 /* Project object */;
}
